// !$*UTF8*$!
{
	archiveVersion = 1;
	classes = {
	};
	objectVersion = 46;
	objects = {

/* Begin PBXBuildFile section */
		5340D1D017F3541800B6D7E0 /* 236.png in Resources */ = {isa = PBXBuildFile; fileRef = 5340D1CF17F3541800B6D7E0 /* 236.png */; };
		5340D1D217F354A500B6D7E0 /* settings-25.png in Resources */ = {isa = PBXBuildFile; fileRef = 5340D1D117F354A500B6D7E0 /* settings-25.png */; };
		5340D1D417F354AD00B6D7E0 /* settings-32.png in Resources */ = {isa = PBXBuildFile; fileRef = 5340D1D317F354AD00B6D7E0 /* settings-32.png */; };
		536FB46A17E76B6F00464B73 /* MenuTVC.m in Sources */ = {isa = PBXBuildFile; fileRef = 536FB46917E76B6F00464B73 /* MenuTVC.m */; };
		5386186517F5D53F0027D4B9 /* easelly_visual-1.jpg in Resources */ = {isa = PBXBuildFile; fileRef = 5386186417F5D53F0027D4B9 /* easelly_visual-1.jpg */; };
		5389227C17C2C6CB00EFFC7F /* Favorite.m in Sources */ = {isa = PBXBuildFile; fileRef = 5389227B17C2C6CB00EFFC7F /* Favorite.m */; };
		5389228217C2C6CB00EFFC7F /* Genre.m in Sources */ = {isa = PBXBuildFile; fileRef = 5389228117C2C6CB00EFFC7F /* Genre.m */; };
		5389228517C2C6CB00EFFC7F /* Status.m in Sources */ = {isa = PBXBuildFile; fileRef = 5389228417C2C6CB00EFFC7F /* Status.m */; };
		5389228817C2C6F700EFFC7F /* Book.m in Sources */ = {isa = PBXBuildFile; fileRef = 5389228717C2C6F700EFFC7F /* Book.m */; };
		5389228D17C2C78E00EFFC7F /* BookListTVC.m in Sources */ = {isa = PBXBuildFile; fileRef = 5389228C17C2C78E00EFFC7F /* BookListTVC.m */; };
		538922D117C3013500EFFC7F /* MainStoryboard.storyboard in Resources */ = {isa = PBXBuildFile; fileRef = 5389228E17C2CE3100EFFC7F /* MainStoryboard.storyboard */; };
		538922D417C30C8700EFFC7F /* BookDetailTVC.m in Sources */ = {isa = PBXBuildFile; fileRef = 538922D317C30C8700EFFC7F /* BookDetailTVC.m */; };
		538922D817C328CA00EFFC7F /* BookGenreTVC.m in Sources */ = {isa = PBXBuildFile; fileRef = 538922D717C328CA00EFFC7F /* BookGenreTVC.m */; };
		538922DB17C3C7FF00EFFC7F /* BookGenreDetailTVC.m in Sources */ = {isa = PBXBuildFile; fileRef = 538922DA17C3C7FF00EFFC7F /* BookGenreDetailTVC.m */; };
		538922DE17C3D54500EFFC7F /* BookCollectionTVC.m in Sources */ = {isa = PBXBuildFile; fileRef = 538922DD17C3D54500EFFC7F /* BookCollectionTVC.m */; };
		538922E117C51B3200EFFC7F /* BookStatusTVC.m in Sources */ = {isa = PBXBuildFile; fileRef = 538922E017C51B3200EFFC7F /* BookStatusTVC.m */; };
		538922F217C5603F00EFFC7F /* CollectionListTVC.m in Sources */ = {isa = PBXBuildFile; fileRef = 538922F117C5603F00EFFC7F /* CollectionListTVC.m */; };
		5389230017C65B1E00EFFC7F /* GenreListTVC.m in Sources */ = {isa = PBXBuildFile; fileRef = 538922FF17C65B1E00EFFC7F /* GenreListTVC.m */; };
		5389230317C66ADE00EFFC7F /* NewCollectionTVC.m in Sources */ = {isa = PBXBuildFile; fileRef = 5389230217C66ADE00EFFC7F /* NewCollectionTVC.m */; };
		5389230617C671A600EFFC7F /* NewGenreTVC.m in Sources */ = {isa = PBXBuildFile; fileRef = 5389230517C671A600EFFC7F /* NewGenreTVC.m */; };
		5389231317C6B71D00EFFC7F /* BooksByGenreTVC.m in Sources */ = {isa = PBXBuildFile; fileRef = 5389231217C6B71D00EFFC7F /* BooksByGenreTVC.m */; };
		5389231F17C7B02100EFFC7F /* BooksByCollectionTVC.m in Sources */ = {isa = PBXBuildFile; fileRef = 5389231E17C7B02100EFFC7F /* BooksByCollectionTVC.m */; };
		5389232817C7CD3100EFFC7F /* EditGenreVC.m in Sources */ = {isa = PBXBuildFile; fileRef = 5389232717C7CD3100EFFC7F /* EditGenreVC.m */; };
		5389232E17C7D58600EFFC7F /* EditCollectionTVC.m in Sources */ = {isa = PBXBuildFile; fileRef = 5389232D17C7D58600EFFC7F /* EditCollectionTVC.m */; };
		53912D7C17F09F20000D91A5 /* bookxgeekPacifico.png in Resources */ = {isa = PBXBuildFile; fileRef = 53912D7B17F09F20000D91A5 /* bookxgeekPacifico.png */; };
		539AA67317C2AE6E004C33F4 /* Foundation.framework in Frameworks */ = {isa = PBXBuildFile; fileRef = 539AA67217C2AE6E004C33F4 /* Foundation.framework */; };
		539AA67517C2AE6E004C33F4 /* CoreGraphics.framework in Frameworks */ = {isa = PBXBuildFile; fileRef = 539AA67417C2AE6E004C33F4 /* CoreGraphics.framework */; };
		539AA67717C2AE6E004C33F4 /* UIKit.framework in Frameworks */ = {isa = PBXBuildFile; fileRef = 539AA67617C2AE6E004C33F4 /* UIKit.framework */; };
		539AA67917C2AE6E004C33F4 /* CoreData.framework in Frameworks */ = {isa = PBXBuildFile; fileRef = 539AA67817C2AE6E004C33F4 /* CoreData.framework */; };
		539AA67F17C2AE6E004C33F4 /* InfoPlist.strings in Resources */ = {isa = PBXBuildFile; fileRef = 539AA67D17C2AE6E004C33F4 /* InfoPlist.strings */; };
		539AA68117C2AE6E004C33F4 /* main.m in Sources */ = {isa = PBXBuildFile; fileRef = 539AA68017C2AE6E004C33F4 /* main.m */; };
		539AA68517C2AE6E004C33F4 /* AppDelegate.m in Sources */ = {isa = PBXBuildFile; fileRef = 539AA68417C2AE6E004C33F4 /* AppDelegate.m */; };
		539AA68817C2AE6E004C33F4 /* Books.xcdatamodeld in Sources */ = {isa = PBXBuildFile; fileRef = 539AA68617C2AE6E004C33F4 /* Books.xcdatamodeld */; };
		539AA68A17C2AE6E004C33F4 /* Images.xcassets in Resources */ = {isa = PBXBuildFile; fileRef = 539AA68917C2AE6E004C33F4 /* Images.xcassets */; };
		539AA69117C2AE6E004C33F4 /* XCTest.framework in Frameworks */ = {isa = PBXBuildFile; fileRef = 539AA69017C2AE6E004C33F4 /* XCTest.framework */; };
		539AA69217C2AE6E004C33F4 /* Foundation.framework in Frameworks */ = {isa = PBXBuildFile; fileRef = 539AA67217C2AE6E004C33F4 /* Foundation.framework */; };
		539AA69317C2AE6E004C33F4 /* UIKit.framework in Frameworks */ = {isa = PBXBuildFile; fileRef = 539AA67617C2AE6E004C33F4 /* UIKit.framework */; };
		539AA69417C2AE6E004C33F4 /* CoreData.framework in Frameworks */ = {isa = PBXBuildFile; fileRef = 539AA67817C2AE6E004C33F4 /* CoreData.framework */; };
		539AA69C17C2AE6E004C33F4 /* InfoPlist.strings in Resources */ = {isa = PBXBuildFile; fileRef = 539AA69A17C2AE6E004C33F4 /* InfoPlist.strings */; };
		539AA69E17C2AE6E004C33F4 /* BooksTests.m in Sources */ = {isa = PBXBuildFile; fileRef = 539AA69D17C2AE6E004C33F4 /* BooksTests.m */; };
		53DEB60D17EA155D0005B64D /* 66cc99.png in Resources */ = {isa = PBXBuildFile; fileRef = 53DEB60C17EA155D0005B64D /* 66cc99.png */; };
		53DEB60F17EA18780005B64D /* diamond.png in Resources */ = {isa = PBXBuildFile; fileRef = 53DEB60E17EA18780005B64D /* diamond.png */; };
		53DEB61117EA2BCF0005B64D /* man.png in Resources */ = {isa = PBXBuildFile; fileRef = 53DEB61017EA2BCF0005B64D /* man.png */; };
		53DEB61317EA3CF60005B64D /* clock.png in Resources */ = {isa = PBXBuildFile; fileRef = 53DEB61217EA3CF60005B64D /* clock.png */; };
		53DEB61517EA42890005B64D /* box.png in Resources */ = {isa = PBXBuildFile; fileRef = 53DEB61417EA42890005B64D /* box.png */; };
		53DEB61717EA42920005B64D /* open-box.png in Resources */ = {isa = PBXBuildFile; fileRef = 53DEB61617EA42920005B64D /* open-box.png */; };
		53DEB61F17EAA8CF0005B64D /* navyBlue.png in Resources */ = {isa = PBXBuildFile; fileRef = 53DEB61E17EAA8CF0005B64D /* navyBlue.png */; };
		53DEB62117EAA9AF0005B64D /* navy.png in Resources */ = {isa = PBXBuildFile; fileRef = 53DEB62017EAA9AF0005B64D /* navy.png */; };
		53DEB62417EABF440005B64D /* BookCollectionDetailTVC.m in Sources */ = {isa = PBXBuildFile; fileRef = 53DEB62317EABF440005B64D /* BookCollectionDetailTVC.m */; };
		53DEB62617EB496D0005B64D /* 34495e.png in Resources */ = {isa = PBXBuildFile; fileRef = 53DEB62517EB496D0005B64D /* 34495e.png */; };
/* End PBXBuildFile section */

/* Begin PBXContainerItemProxy section */
		539AA69517C2AE6E004C33F4 /* PBXContainerItemProxy */ = {
			isa = PBXContainerItemProxy;
			containerPortal = 539AA66717C2AE6E004C33F4 /* Project object */;
			proxyType = 1;
			remoteGlobalIDString = 539AA66E17C2AE6E004C33F4;
			remoteInfo = Books;
		};
/* End PBXContainerItemProxy section */

/* Begin PBXFileReference section */
		5340D1CF17F3541800B6D7E0 /* 236.png */ = {isa = PBXFileReference; lastKnownFileType = image.png; path = 236.png; sourceTree = "<group>"; };
		5340D1D117F354A500B6D7E0 /* settings-25.png */ = {isa = PBXFileReference; lastKnownFileType = image.png; path = "settings-25.png"; sourceTree = "<group>"; };
		5340D1D317F354AD00B6D7E0 /* settings-32.png */ = {isa = PBXFileReference; lastKnownFileType = image.png; path = "settings-32.png"; sourceTree = "<group>"; };
		536FB46817E76B6F00464B73 /* MenuTVC.h */ = {isa = PBXFileReference; fileEncoding = 4; lastKnownFileType = sourcecode.c.h; path = MenuTVC.h; sourceTree = "<group>"; };
		536FB46917E76B6F00464B73 /* MenuTVC.m */ = {isa = PBXFileReference; fileEncoding = 4; lastKnownFileType = sourcecode.c.objc; path = MenuTVC.m; sourceTree = "<group>"; };
		5386186417F5D53F0027D4B9 /* easelly_visual-1.jpg */ = {isa = PBXFileReference; lastKnownFileType = image.jpeg; path = "easelly_visual-1.jpg"; sourceTree = "<group>"; };
		5389227A17C2C6CB00EFFC7F /* Favorite.h */ = {isa = PBXFileReference; fileEncoding = 4; lastKnownFileType = sourcecode.c.h; name = Favorite.h; path = Books/Favorite.h; sourceTree = "<group>"; };
		5389227B17C2C6CB00EFFC7F /* Favorite.m */ = {isa = PBXFileReference; fileEncoding = 4; lastKnownFileType = sourcecode.c.objc; name = Favorite.m; path = Books/Favorite.m; sourceTree = "<group>"; };
		5389228017C2C6CB00EFFC7F /* Genre.h */ = {isa = PBXFileReference; fileEncoding = 4; lastKnownFileType = sourcecode.c.h; name = Genre.h; path = Books/Genre.h; sourceTree = "<group>"; };
		5389228117C2C6CB00EFFC7F /* Genre.m */ = {isa = PBXFileReference; fileEncoding = 4; lastKnownFileType = sourcecode.c.objc; name = Genre.m; path = Books/Genre.m; sourceTree = "<group>"; };
		5389228317C2C6CB00EFFC7F /* Status.h */ = {isa = PBXFileReference; fileEncoding = 4; lastKnownFileType = sourcecode.c.h; name = Status.h; path = Books/Status.h; sourceTree = "<group>"; };
		5389228417C2C6CB00EFFC7F /* Status.m */ = {isa = PBXFileReference; fileEncoding = 4; lastKnownFileType = sourcecode.c.objc; name = Status.m; path = Books/Status.m; sourceTree = "<group>"; };
		5389228617C2C6F700EFFC7F /* Book.h */ = {isa = PBXFileReference; fileEncoding = 4; lastKnownFileType = sourcecode.c.h; name = Book.h; path = Books/Book.h; sourceTree = "<group>"; };
		5389228717C2C6F700EFFC7F /* Book.m */ = {isa = PBXFileReference; fileEncoding = 4; lastKnownFileType = sourcecode.c.objc; name = Book.m; path = Books/Book.m; sourceTree = "<group>"; };
		5389228B17C2C78E00EFFC7F /* BookListTVC.h */ = {isa = PBXFileReference; fileEncoding = 4; lastKnownFileType = sourcecode.c.h; name = BookListTVC.h; path = Books/BookListTVC.h; sourceTree = "<group>"; };
		5389228C17C2C78E00EFFC7F /* BookListTVC.m */ = {isa = PBXFileReference; fileEncoding = 4; lastKnownFileType = sourcecode.c.objc; name = BookListTVC.m; path = Books/BookListTVC.m; sourceTree = "<group>"; };
		5389228E17C2CE3100EFFC7F /* MainStoryboard.storyboard */ = {isa = PBXFileReference; lastKnownFileType = file.storyboard; path = MainStoryboard.storyboard; sourceTree = "<group>"; };
		538922D217C30C8700EFFC7F /* BookDetailTVC.h */ = {isa = PBXFileReference; fileEncoding = 4; lastKnownFileType = sourcecode.c.h; path = BookDetailTVC.h; sourceTree = "<group>"; };
		538922D317C30C8700EFFC7F /* BookDetailTVC.m */ = {isa = PBXFileReference; fileEncoding = 4; lastKnownFileType = sourcecode.c.objc; path = BookDetailTVC.m; sourceTree = "<group>"; };
		538922D517C3195800EFFC7F /* Books 2.xcdatamodel */ = {isa = PBXFileReference; lastKnownFileType = wrapper.xcdatamodel; path = "Books 2.xcdatamodel"; sourceTree = "<group>"; };
		538922D617C328CA00EFFC7F /* BookGenreTVC.h */ = {isa = PBXFileReference; fileEncoding = 4; lastKnownFileType = sourcecode.c.h; path = BookGenreTVC.h; sourceTree = "<group>"; };
		538922D717C328CA00EFFC7F /* BookGenreTVC.m */ = {isa = PBXFileReference; fileEncoding = 4; lastKnownFileType = sourcecode.c.objc; path = BookGenreTVC.m; sourceTree = "<group>"; };
		538922D917C3C7FF00EFFC7F /* BookGenreDetailTVC.h */ = {isa = PBXFileReference; fileEncoding = 4; lastKnownFileType = sourcecode.c.h; path = BookGenreDetailTVC.h; sourceTree = "<group>"; };
		538922DA17C3C7FF00EFFC7F /* BookGenreDetailTVC.m */ = {isa = PBXFileReference; fileEncoding = 4; lastKnownFileType = sourcecode.c.objc; path = BookGenreDetailTVC.m; sourceTree = "<group>"; };
		538922DC17C3D54500EFFC7F /* BookCollectionTVC.h */ = {isa = PBXFileReference; fileEncoding = 4; lastKnownFileType = sourcecode.c.h; name = BookCollectionTVC.h; path = Books/BookCollectionTVC.h; sourceTree = "<group>"; };
		538922DD17C3D54500EFFC7F /* BookCollectionTVC.m */ = {isa = PBXFileReference; fileEncoding = 4; lastKnownFileType = sourcecode.c.objc; name = BookCollectionTVC.m; path = Books/BookCollectionTVC.m; sourceTree = "<group>"; };
		538922DF17C51B3200EFFC7F /* BookStatusTVC.h */ = {isa = PBXFileReference; fileEncoding = 4; lastKnownFileType = sourcecode.c.h; path = BookStatusTVC.h; sourceTree = "<group>"; };
		538922E017C51B3200EFFC7F /* BookStatusTVC.m */ = {isa = PBXFileReference; fileEncoding = 4; lastKnownFileType = sourcecode.c.objc; path = BookStatusTVC.m; sourceTree = "<group>"; };
		538922F017C5603F00EFFC7F /* CollectionListTVC.h */ = {isa = PBXFileReference; fileEncoding = 4; lastKnownFileType = sourcecode.c.h; path = CollectionListTVC.h; sourceTree = "<group>"; };
		538922F117C5603F00EFFC7F /* CollectionListTVC.m */ = {isa = PBXFileReference; fileEncoding = 4; lastKnownFileType = sourcecode.c.objc; path = CollectionListTVC.m; sourceTree = "<group>"; };
		538922FE17C65B1E00EFFC7F /* GenreListTVC.h */ = {isa = PBXFileReference; fileEncoding = 4; lastKnownFileType = sourcecode.c.h; path = GenreListTVC.h; sourceTree = "<group>"; };
		538922FF17C65B1E00EFFC7F /* GenreListTVC.m */ = {isa = PBXFileReference; fileEncoding = 4; lastKnownFileType = sourcecode.c.objc; path = GenreListTVC.m; sourceTree = "<group>"; };
		5389230117C66ADE00EFFC7F /* NewCollectionTVC.h */ = {isa = PBXFileReference; fileEncoding = 4; lastKnownFileType = sourcecode.c.h; path = NewCollectionTVC.h; sourceTree = "<group>"; };
		5389230217C66ADE00EFFC7F /* NewCollectionTVC.m */ = {isa = PBXFileReference; fileEncoding = 4; lastKnownFileType = sourcecode.c.objc; path = NewCollectionTVC.m; sourceTree = "<group>"; };
		5389230417C671A600EFFC7F /* NewGenreTVC.h */ = {isa = PBXFileReference; fileEncoding = 4; lastKnownFileType = sourcecode.c.h; path = NewGenreTVC.h; sourceTree = "<group>"; };
		5389230517C671A600EFFC7F /* NewGenreTVC.m */ = {isa = PBXFileReference; fileEncoding = 4; lastKnownFileType = sourcecode.c.objc; path = NewGenreTVC.m; sourceTree = "<group>"; };
		5389231117C6B71D00EFFC7F /* BooksByGenreTVC.h */ = {isa = PBXFileReference; fileEncoding = 4; lastKnownFileType = sourcecode.c.h; path = BooksByGenreTVC.h; sourceTree = "<group>"; };
		5389231217C6B71D00EFFC7F /* BooksByGenreTVC.m */ = {isa = PBXFileReference; fileEncoding = 4; lastKnownFileType = sourcecode.c.objc; path = BooksByGenreTVC.m; sourceTree = "<group>"; };
		5389231D17C7B02100EFFC7F /* BooksByCollectionTVC.h */ = {isa = PBXFileReference; fileEncoding = 4; lastKnownFileType = sourcecode.c.h; path = BooksByCollectionTVC.h; sourceTree = "<group>"; };
		5389231E17C7B02100EFFC7F /* BooksByCollectionTVC.m */ = {isa = PBXFileReference; fileEncoding = 4; lastKnownFileType = sourcecode.c.objc; path = BooksByCollectionTVC.m; sourceTree = "<group>"; };
		5389232617C7CD3100EFFC7F /* EditGenreVC.h */ = {isa = PBXFileReference; fileEncoding = 4; lastKnownFileType = sourcecode.c.h; path = EditGenreVC.h; sourceTree = "<group>"; };
		5389232717C7CD3100EFFC7F /* EditGenreVC.m */ = {isa = PBXFileReference; fileEncoding = 4; lastKnownFileType = sourcecode.c.objc; path = EditGenreVC.m; sourceTree = "<group>"; };
		5389232C17C7D58600EFFC7F /* EditCollectionTVC.h */ = {isa = PBXFileReference; fileEncoding = 4; lastKnownFileType = sourcecode.c.h; path = EditCollectionTVC.h; sourceTree = "<group>"; };
		5389232D17C7D58600EFFC7F /* EditCollectionTVC.m */ = {isa = PBXFileReference; fileEncoding = 4; lastKnownFileType = sourcecode.c.objc; path = EditCollectionTVC.m; sourceTree = "<group>"; };
		53912D7B17F09F20000D91A5 /* bookxgeekPacifico.png */ = {isa = PBXFileReference; lastKnownFileType = image.png; path = bookxgeekPacifico.png; sourceTree = "<group>"; };
		539AA66F17C2AE6E004C33F4 /* Books.app */ = {isa = PBXFileReference; explicitFileType = wrapper.application; includeInIndex = 0; path = Books.app; sourceTree = BUILT_PRODUCTS_DIR; };
		539AA67217C2AE6E004C33F4 /* Foundation.framework */ = {isa = PBXFileReference; lastKnownFileType = wrapper.framework; name = Foundation.framework; path = System/Library/Frameworks/Foundation.framework; sourceTree = SDKROOT; };
		539AA67417C2AE6E004C33F4 /* CoreGraphics.framework */ = {isa = PBXFileReference; lastKnownFileType = wrapper.framework; name = CoreGraphics.framework; path = System/Library/Frameworks/CoreGraphics.framework; sourceTree = SDKROOT; };
		539AA67617C2AE6E004C33F4 /* UIKit.framework */ = {isa = PBXFileReference; lastKnownFileType = wrapper.framework; name = UIKit.framework; path = System/Library/Frameworks/UIKit.framework; sourceTree = SDKROOT; };
		539AA67817C2AE6E004C33F4 /* CoreData.framework */ = {isa = PBXFileReference; lastKnownFileType = wrapper.framework; name = CoreData.framework; path = System/Library/Frameworks/CoreData.framework; sourceTree = SDKROOT; };
		539AA67C17C2AE6E004C33F4 /* Books-Info.plist */ = {isa = PBXFileReference; lastKnownFileType = text.plist.xml; path = "Books-Info.plist"; sourceTree = "<group>"; };
		539AA67E17C2AE6E004C33F4 /* en */ = {isa = PBXFileReference; lastKnownFileType = text.plist.strings; name = en; path = en.lproj/InfoPlist.strings; sourceTree = "<group>"; };
		539AA68017C2AE6E004C33F4 /* main.m */ = {isa = PBXFileReference; lastKnownFileType = sourcecode.c.objc; path = main.m; sourceTree = "<group>"; };
		539AA68217C2AE6E004C33F4 /* Books-Prefix.pch */ = {isa = PBXFileReference; lastKnownFileType = sourcecode.c.h; path = "Books-Prefix.pch"; sourceTree = "<group>"; };
		539AA68317C2AE6E004C33F4 /* AppDelegate.h */ = {isa = PBXFileReference; lastKnownFileType = sourcecode.c.h; path = AppDelegate.h; sourceTree = "<group>"; };
		539AA68417C2AE6E004C33F4 /* AppDelegate.m */ = {isa = PBXFileReference; lastKnownFileType = sourcecode.c.objc; path = AppDelegate.m; sourceTree = "<group>"; };
		539AA68717C2AE6E004C33F4 /* Books.xcdatamodel */ = {isa = PBXFileReference; lastKnownFileType = wrapper.xcdatamodel; path = Books.xcdatamodel; sourceTree = "<group>"; };
		539AA68917C2AE6E004C33F4 /* Images.xcassets */ = {isa = PBXFileReference; lastKnownFileType = folder.assetcatalog; path = Images.xcassets; sourceTree = "<group>"; };
		539AA68F17C2AE6E004C33F4 /* BooksTests.xctest */ = {isa = PBXFileReference; explicitFileType = wrapper.cfbundle; includeInIndex = 0; path = BooksTests.xctest; sourceTree = BUILT_PRODUCTS_DIR; };
		539AA69017C2AE6E004C33F4 /* XCTest.framework */ = {isa = PBXFileReference; lastKnownFileType = wrapper.framework; name = XCTest.framework; path = Library/Frameworks/XCTest.framework; sourceTree = DEVELOPER_DIR; };
		539AA69917C2AE6E004C33F4 /* BooksTests-Info.plist */ = {isa = PBXFileReference; lastKnownFileType = text.plist.xml; path = "BooksTests-Info.plist"; sourceTree = "<group>"; };
		539AA69B17C2AE6E004C33F4 /* en */ = {isa = PBXFileReference; lastKnownFileType = text.plist.strings; name = en; path = en.lproj/InfoPlist.strings; sourceTree = "<group>"; };
		539AA69D17C2AE6E004C33F4 /* BooksTests.m */ = {isa = PBXFileReference; lastKnownFileType = sourcecode.c.objc; path = BooksTests.m; sourceTree = "<group>"; };
		53DEB60C17EA155D0005B64D /* 66cc99.png */ = {isa = PBXFileReference; lastKnownFileType = image.png; path = 66cc99.png; sourceTree = "<group>"; };
		53DEB60E17EA18780005B64D /* diamond.png */ = {isa = PBXFileReference; lastKnownFileType = image.png; path = diamond.png; sourceTree = "<group>"; };
		53DEB61017EA2BCF0005B64D /* man.png */ = {isa = PBXFileReference; lastKnownFileType = image.png; path = man.png; sourceTree = "<group>"; };
		53DEB61217EA3CF60005B64D /* clock.png */ = {isa = PBXFileReference; lastKnownFileType = image.png; path = clock.png; sourceTree = "<group>"; };
		53DEB61417EA42890005B64D /* box.png */ = {isa = PBXFileReference; lastKnownFileType = image.png; path = box.png; sourceTree = "<group>"; };
		53DEB61617EA42920005B64D /* open-box.png */ = {isa = PBXFileReference; lastKnownFileType = image.png; path = "open-box.png"; sourceTree = "<group>"; };
		53DEB61E17EAA8CF0005B64D /* navyBlue.png */ = {isa = PBXFileReference; lastKnownFileType = image.png; path = navyBlue.png; sourceTree = "<group>"; };
		53DEB62017EAA9AF0005B64D /* navy.png */ = {isa = PBXFileReference; lastKnownFileType = image.png; path = navy.png; sourceTree = "<group>"; };
		53DEB62217EABF440005B64D /* BookCollectionDetailTVC.h */ = {isa = PBXFileReference; fileEncoding = 4; lastKnownFileType = sourcecode.c.h; path = BookCollectionDetailTVC.h; sourceTree = "<group>"; };
		53DEB62317EABF440005B64D /* BookCollectionDetailTVC.m */ = {isa = PBXFileReference; fileEncoding = 4; lastKnownFileType = sourcecode.c.objc; path = BookCollectionDetailTVC.m; sourceTree = "<group>"; };
		53DEB62517EB496D0005B64D /* 34495e.png */ = {isa = PBXFileReference; lastKnownFileType = image.png; path = 34495e.png; sourceTree = "<group>"; };
/* End PBXFileReference section */

/* Begin PBXFrameworksBuildPhase section */
		539AA66C17C2AE6E004C33F4 /* Frameworks */ = {
			isa = PBXFrameworksBuildPhase;
			buildActionMask = 2147483647;
			files = (
				539AA67517C2AE6E004C33F4 /* CoreGraphics.framework in Frameworks */,
				539AA67917C2AE6E004C33F4 /* CoreData.framework in Frameworks */,
				539AA67717C2AE6E004C33F4 /* UIKit.framework in Frameworks */,
				539AA67317C2AE6E004C33F4 /* Foundation.framework in Frameworks */,
			);
			runOnlyForDeploymentPostprocessing = 0;
		};
		539AA68C17C2AE6E004C33F4 /* Frameworks */ = {
			isa = PBXFrameworksBuildPhase;
			buildActionMask = 2147483647;
			files = (
				539AA69117C2AE6E004C33F4 /* XCTest.framework in Frameworks */,
				539AA69417C2AE6E004C33F4 /* CoreData.framework in Frameworks */,
				539AA69317C2AE6E004C33F4 /* UIKit.framework in Frameworks */,
				539AA69217C2AE6E004C33F4 /* Foundation.framework in Frameworks */,
			);
			runOnlyForDeploymentPostprocessing = 0;
		};
/* End PBXFrameworksBuildPhase section */

/* Begin PBXGroup section */
		538922E217C55BD300EFFC7F /* Book List */ = {
			isa = PBXGroup;
			children = (
				5389228B17C2C78E00EFFC7F /* BookListTVC.h */,
				5389228C17C2C78E00EFFC7F /* BookListTVC.m */,
				538922D217C30C8700EFFC7F /* BookDetailTVC.h */,
				538922D317C30C8700EFFC7F /* BookDetailTVC.m */,
				538922D617C328CA00EFFC7F /* BookGenreTVC.h */,
				538922D717C328CA00EFFC7F /* BookGenreTVC.m */,
				538922D917C3C7FF00EFFC7F /* BookGenreDetailTVC.h */,
				538922DA17C3C7FF00EFFC7F /* BookGenreDetailTVC.m */,
				538922DC17C3D54500EFFC7F /* BookCollectionTVC.h */,
				538922DD17C3D54500EFFC7F /* BookCollectionTVC.m */,
				53DEB62217EABF440005B64D /* BookCollectionDetailTVC.h */,
				53DEB62317EABF440005B64D /* BookCollectionDetailTVC.m */,
				538922DF17C51B3200EFFC7F /* BookStatusTVC.h */,
				538922E017C51B3200EFFC7F /* BookStatusTVC.m */,
			);
			name = "Book List";
			sourceTree = "<group>";
		};
		538922EF17C55FB900EFFC7F /* Entities */ = {
			isa = PBXGroup;
			children = (
				5389228617C2C6F700EFFC7F /* Book.h */,
				5389228717C2C6F700EFFC7F /* Book.m */,
				5389228317C2C6CB00EFFC7F /* Status.h */,
				5389228417C2C6CB00EFFC7F /* Status.m */,
				5389228017C2C6CB00EFFC7F /* Genre.h */,
				5389228117C2C6CB00EFFC7F /* Genre.m */,
				5389227A17C2C6CB00EFFC7F /* Favorite.h */,
				5389227B17C2C6CB00EFFC7F /* Favorite.m */,
			);
			name = Entities;
			sourceTree = "<group>";
		};
		538922F317C5605100EFFC7F /* Collection List */ = {
			isa = PBXGroup;
			children = (
				538922F017C5603F00EFFC7F /* CollectionListTVC.h */,
				538922F117C5603F00EFFC7F /* CollectionListTVC.m */,
				5389230117C66ADE00EFFC7F /* NewCollectionTVC.h */,
				5389230217C66ADE00EFFC7F /* NewCollectionTVC.m */,
				5389231D17C7B02100EFFC7F /* BooksByCollectionTVC.h */,
				5389231E17C7B02100EFFC7F /* BooksByCollectionTVC.m */,
				5389232C17C7D58600EFFC7F /* EditCollectionTVC.h */,
				5389232D17C7D58600EFFC7F /* EditCollectionTVC.m */,
			);
			name = "Collection List";
			sourceTree = "<group>";
		};
		538922FA17C6593F00EFFC7F /* Genre */ = {
			isa = PBXGroup;
			children = (
				538922FE17C65B1E00EFFC7F /* GenreListTVC.h */,
				538922FF17C65B1E00EFFC7F /* GenreListTVC.m */,
				5389230417C671A600EFFC7F /* NewGenreTVC.h */,
				5389230517C671A600EFFC7F /* NewGenreTVC.m */,
				5389231117C6B71D00EFFC7F /* BooksByGenreTVC.h */,
				5389231217C6B71D00EFFC7F /* BooksByGenreTVC.m */,
				5389232617C7CD3100EFFC7F /* EditGenreVC.h */,
				5389232717C7CD3100EFFC7F /* EditGenreVC.m */,
			);
			name = Genre;
			sourceTree = "<group>";
		};
		539AA66617C2AE6E004C33F4 = {
			isa = PBXGroup;
			children = (
				5389228E17C2CE3100EFFC7F /* MainStoryboard.storyboard */,
				538922EF17C55FB900EFFC7F /* Entities */,
				539AA67A17C2AE6E004C33F4 /* Books */,
				538922E217C55BD300EFFC7F /* Book List */,
				538922F317C5605100EFFC7F /* Collection List */,
				538922FA17C6593F00EFFC7F /* Genre */,
				539AA67B17C2AE6E004C33F4 /* Supporting Files */,
				539AA69717C2AE6E004C33F4 /* BooksTests */,
				539AA67117C2AE6E004C33F4 /* Frameworks */,
				539AA67017C2AE6E004C33F4 /* Products */,
			);
			sourceTree = "<group>";
		};
		539AA67017C2AE6E004C33F4 /* Products */ = {
			isa = PBXGroup;
			children = (
				539AA66F17C2AE6E004C33F4 /* Books.app */,
				539AA68F17C2AE6E004C33F4 /* BooksTests.xctest */,
			);
			name = Products;
			sourceTree = "<group>";
		};
		539AA67117C2AE6E004C33F4 /* Frameworks */ = {
			isa = PBXGroup;
			children = (
				539AA67217C2AE6E004C33F4 /* Foundation.framework */,
				539AA67417C2AE6E004C33F4 /* CoreGraphics.framework */,
				539AA67617C2AE6E004C33F4 /* UIKit.framework */,
				539AA67817C2AE6E004C33F4 /* CoreData.framework */,
				539AA69017C2AE6E004C33F4 /* XCTest.framework */,
			);
			name = Frameworks;
			sourceTree = "<group>";
		};
		539AA67A17C2AE6E004C33F4 /* Books */ = {
			isa = PBXGroup;
			children = (
				539AA68317C2AE6E004C33F4 /* AppDelegate.h */,
				539AA68417C2AE6E004C33F4 /* AppDelegate.m */,
				536FB46817E76B6F00464B73 /* MenuTVC.h */,
				536FB46917E76B6F00464B73 /* MenuTVC.m */,
				539AA68917C2AE6E004C33F4 /* Images.xcassets */,
				539AA68617C2AE6E004C33F4 /* Books.xcdatamodeld */,
			);
			path = Books;
			sourceTree = "<group>";
		};
		539AA67B17C2AE6E004C33F4 /* Supporting Files */ = {
			isa = PBXGroup;
			children = (
				5386186417F5D53F0027D4B9 /* easelly_visual-1.jpg */,
				5340D1D117F354A500B6D7E0 /* settings-25.png */,
				5340D1D317F354AD00B6D7E0 /* settings-32.png */,
				5340D1CF17F3541800B6D7E0 /* 236.png */,
				53DEB61017EA2BCF0005B64D /* man.png */,
				53912D7B17F09F20000D91A5 /* bookxgeekPacifico.png */,
				53DEB62517EB496D0005B64D /* 34495e.png */,
				53DEB61617EA42920005B64D /* open-box.png */,
				53DEB61E17EAA8CF0005B64D /* navyBlue.png */,
				53DEB61417EA42890005B64D /* box.png */,
				53DEB61217EA3CF60005B64D /* clock.png */,
				53DEB60E17EA18780005B64D /* diamond.png */,
				53DEB62017EAA9AF0005B64D /* navy.png */,
				53DEB60C17EA155D0005B64D /* 66cc99.png */,
				539AA67C17C2AE6E004C33F4 /* Books-Info.plist */,
				539AA67D17C2AE6E004C33F4 /* InfoPlist.strings */,
				539AA68017C2AE6E004C33F4 /* main.m */,
				539AA68217C2AE6E004C33F4 /* Books-Prefix.pch */,
			);
			name = "Supporting Files";
			path = Books;
			sourceTree = "<group>";
		};
		539AA69717C2AE6E004C33F4 /* BooksTests */ = {
			isa = PBXGroup;
			children = (
				539AA69D17C2AE6E004C33F4 /* BooksTests.m */,
				539AA69817C2AE6E004C33F4 /* Supporting Files */,
			);
			path = BooksTests;
			sourceTree = "<group>";
		};
		539AA69817C2AE6E004C33F4 /* Supporting Files */ = {
			isa = PBXGroup;
			children = (
				539AA69917C2AE6E004C33F4 /* BooksTests-Info.plist */,
				539AA69A17C2AE6E004C33F4 /* InfoPlist.strings */,
			);
			name = "Supporting Files";
			sourceTree = "<group>";
		};
/* End PBXGroup section */

/* Begin PBXNativeTarget section */
		539AA66E17C2AE6E004C33F4 /* Books */ = {
			isa = PBXNativeTarget;
			buildConfigurationList = 539AA6A117C2AE6E004C33F4 /* Build configuration list for PBXNativeTarget "Books" */;
			buildPhases = (
				539AA66B17C2AE6E004C33F4 /* Sources */,
				539AA66C17C2AE6E004C33F4 /* Frameworks */,
				539AA66D17C2AE6E004C33F4 /* Resources */,
			);
			buildRules = (
			);
			dependencies = (
			);
			name = Books;
			productName = Books;
			productReference = 539AA66F17C2AE6E004C33F4 /* Books.app */;
			productType = "com.apple.product-type.application";
		};
		539AA68E17C2AE6E004C33F4 /* BooksTests */ = {
			isa = PBXNativeTarget;
			buildConfigurationList = 539AA6A417C2AE6E004C33F4 /* Build configuration list for PBXNativeTarget "BooksTests" */;
			buildPhases = (
				539AA68B17C2AE6E004C33F4 /* Sources */,
				539AA68C17C2AE6E004C33F4 /* Frameworks */,
				539AA68D17C2AE6E004C33F4 /* Resources */,
			);
			buildRules = (
			);
			dependencies = (
				539AA69617C2AE6E004C33F4 /* PBXTargetDependency */,
			);
			name = BooksTests;
			productName = BooksTests;
			productReference = 539AA68F17C2AE6E004C33F4 /* BooksTests.xctest */;
			productType = "com.apple.product-type.bundle.unit-test";
		};
/* End PBXNativeTarget section */

/* Begin PBXProject section */
		539AA66717C2AE6E004C33F4 /* Project object */ = {
			isa = PBXProject;
			attributes = {
				LastUpgradeCheck = 0500;
				ORGANIZATIONNAME = "Misato Tina Alexandre";
				TargetAttributes = {
					539AA66E17C2AE6E004C33F4 = {
						DevelopmentTeam = FAS9M74477;
					};
					539AA68E17C2AE6E004C33F4 = {
						TestTargetID = 539AA66E17C2AE6E004C33F4;
					};
				};
			};
			buildConfigurationList = 539AA66A17C2AE6E004C33F4 /* Build configuration list for PBXProject "Books" */;
			compatibilityVersion = "Xcode 3.2";
			developmentRegion = English;
			hasScannedForEncodings = 0;
			knownRegions = (
				en,
			);
			mainGroup = 539AA66617C2AE6E004C33F4;
			productRefGroup = 539AA67017C2AE6E004C33F4 /* Products */;
			projectDirPath = "";
			projectRoot = "";
			targets = (
				539AA66E17C2AE6E004C33F4 /* Books */,
				539AA68E17C2AE6E004C33F4 /* BooksTests */,
			);
		};
/* End PBXProject section */

/* Begin PBXResourcesBuildPhase section */
		539AA66D17C2AE6E004C33F4 /* Resources */ = {
			isa = PBXResourcesBuildPhase;
			buildActionMask = 2147483647;
			files = (
				5340D1D017F3541800B6D7E0 /* 236.png in Resources */,
				53DEB61517EA42890005B64D /* box.png in Resources */,
				53DEB61317EA3CF60005B64D /* clock.png in Resources */,
				53DEB61F17EAA8CF0005B64D /* navyBlue.png in Resources */,
				53912D7C17F09F20000D91A5 /* bookxgeekPacifico.png in Resources */,
				5340D1D417F354AD00B6D7E0 /* settings-32.png in Resources */,
				538922D117C3013500EFFC7F /* MainStoryboard.storyboard in Resources */,
				53DEB62617EB496D0005B64D /* 34495e.png in Resources */,
				53DEB62117EAA9AF0005B64D /* navy.png in Resources */,
				5340D1D217F354A500B6D7E0 /* settings-25.png in Resources */,
				5386186517F5D53F0027D4B9 /* easelly_visual-1.jpg in Resources */,
				53DEB60F17EA18780005B64D /* diamond.png in Resources */,
				53DEB60D17EA155D0005B64D /* 66cc99.png in Resources */,
				539AA67F17C2AE6E004C33F4 /* InfoPlist.strings in Resources */,
				53DEB61117EA2BCF0005B64D /* man.png in Resources */,
				539AA68A17C2AE6E004C33F4 /* Images.xcassets in Resources */,
				53DEB61717EA42920005B64D /* open-box.png in Resources */,
			);
			runOnlyForDeploymentPostprocessing = 0;
		};
		539AA68D17C2AE6E004C33F4 /* Resources */ = {
			isa = PBXResourcesBuildPhase;
			buildActionMask = 2147483647;
			files = (
				539AA69C17C2AE6E004C33F4 /* InfoPlist.strings in Resources */,
			);
			runOnlyForDeploymentPostprocessing = 0;
		};
/* End PBXResourcesBuildPhase section */

/* Begin PBXSourcesBuildPhase section */
		539AA66B17C2AE6E004C33F4 /* Sources */ = {
			isa = PBXSourcesBuildPhase;
			buildActionMask = 2147483647;
			files = (
				5389230317C66ADE00EFFC7F /* NewCollectionTVC.m in Sources */,
				538922D417C30C8700EFFC7F /* BookDetailTVC.m in Sources */,
				5389232817C7CD3100EFFC7F /* EditGenreVC.m in Sources */,
				539AA68517C2AE6E004C33F4 /* AppDelegate.m in Sources */,
				538922DE17C3D54500EFFC7F /* BookCollectionTVC.m in Sources */,
				5389231F17C7B02100EFFC7F /* BooksByCollectionTVC.m in Sources */,
				538922E117C51B3200EFFC7F /* BookStatusTVC.m in Sources */,
				5389230617C671A600EFFC7F /* NewGenreTVC.m in Sources */,
				5389227C17C2C6CB00EFFC7F /* Favorite.m in Sources */,
				5389232E17C7D58600EFFC7F /* EditCollectionTVC.m in Sources */,
				5389231317C6B71D00EFFC7F /* BooksByGenreTVC.m in Sources */,
				53DEB62417EABF440005B64D /* BookCollectionDetailTVC.m in Sources */,
				5389228217C2C6CB00EFFC7F /* Genre.m in Sources */,
				538922DB17C3C7FF00EFFC7F /* BookGenreDetailTVC.m in Sources */,
				539AA68817C2AE6E004C33F4 /* Books.xcdatamodeld in Sources */,
				5389230017C65B1E00EFFC7F /* GenreListTVC.m in Sources */,
				5389228D17C2C78E00EFFC7F /* BookListTVC.m in Sources */,
				538922D817C328CA00EFFC7F /* BookGenreTVC.m in Sources */,
				539AA68117C2AE6E004C33F4 /* main.m in Sources */,
				5389228817C2C6F700EFFC7F /* Book.m in Sources */,
				5389228517C2C6CB00EFFC7F /* Status.m in Sources */,
				536FB46A17E76B6F00464B73 /* MenuTVC.m in Sources */,
				538922F217C5603F00EFFC7F /* CollectionListTVC.m in Sources */,
			);
			runOnlyForDeploymentPostprocessing = 0;
		};
		539AA68B17C2AE6E004C33F4 /* Sources */ = {
			isa = PBXSourcesBuildPhase;
			buildActionMask = 2147483647;
			files = (
				539AA69E17C2AE6E004C33F4 /* BooksTests.m in Sources */,
			);
			runOnlyForDeploymentPostprocessing = 0;
		};
/* End PBXSourcesBuildPhase section */

/* Begin PBXTargetDependency section */
		539AA69617C2AE6E004C33F4 /* PBXTargetDependency */ = {
			isa = PBXTargetDependency;
			target = 539AA66E17C2AE6E004C33F4 /* Books */;
			targetProxy = 539AA69517C2AE6E004C33F4 /* PBXContainerItemProxy */;
		};
/* End PBXTargetDependency section */

/* Begin PBXVariantGroup section */
		539AA67D17C2AE6E004C33F4 /* InfoPlist.strings */ = {
			isa = PBXVariantGroup;
			children = (
				539AA67E17C2AE6E004C33F4 /* en */,
			);
			name = InfoPlist.strings;
			sourceTree = "<group>";
		};
		539AA69A17C2AE6E004C33F4 /* InfoPlist.strings */ = {
			isa = PBXVariantGroup;
			children = (
				539AA69B17C2AE6E004C33F4 /* en */,
			);
			name = InfoPlist.strings;
			sourceTree = "<group>";
		};
/* End PBXVariantGroup section */

/* Begin XCBuildConfiguration section */
		539AA69F17C2AE6E004C33F4 /* Debug */ = {
			isa = XCBuildConfiguration;
			buildSettings = {
				ALWAYS_SEARCH_USER_PATHS = NO;
				CLANG_CXX_LANGUAGE_STANDARD = "gnu++0x";
				CLANG_CXX_LIBRARY = "libc++";
				CLANG_ENABLE_MODULES = YES;
				CLANG_ENABLE_OBJC_ARC = YES;
				CLANG_WARN_BOOL_CONVERSION = YES;
				CLANG_WARN_CONSTANT_CONVERSION = YES;
				CLANG_WARN_DIRECT_OBJC_ISA_USAGE = YES_ERROR;
				CLANG_WARN_EMPTY_BODY = YES;
				CLANG_WARN_ENUM_CONVERSION = YES;
				CLANG_WARN_INT_CONVERSION = YES;
				CLANG_WARN_OBJC_ROOT_CLASS = YES_ERROR;
				CLANG_WARN__DUPLICATE_METHOD_MATCH = YES;
				CODE_SIGN_IDENTITY = "iPhone Developer: Misato Alexandre (HU84T82W6C)";
				"CODE_SIGN_IDENTITY[sdk=iphoneos*]" = "iPhone Developer";
				COPY_PHASE_STRIP = NO;
				GCC_C_LANGUAGE_STANDARD = gnu99;
				GCC_DYNAMIC_NO_PIC = NO;
				GCC_OPTIMIZATION_LEVEL = 0;
				GCC_PREPROCESSOR_DEFINITIONS = (
					"DEBUG=1",
					"$(inherited)",
				);
				GCC_SYMBOLS_PRIVATE_EXTERN = NO;
				GCC_WARN_ABOUT_RETURN_TYPE = YES_ERROR;
				GCC_WARN_UNDECLARED_SELECTOR = YES;
				GCC_WARN_UNINITIALIZED_AUTOS = YES;
				GCC_WARN_UNUSED_FUNCTION = YES;
				GCC_WARN_UNUSED_VARIABLE = YES;
				IPHONEOS_DEPLOYMENT_TARGET = 7.0;
				ONLY_ACTIVE_ARCH = YES;
				PROVISIONING_PROFILE = "B5044402-06C5-4A10-8596-4C1189C8C429";
				SDKROOT = iphoneos;
			};
			name = Debug;
		};
		539AA6A017C2AE6E004C33F4 /* Release */ = {
			isa = XCBuildConfiguration;
			buildSettings = {
				ALWAYS_SEARCH_USER_PATHS = NO;
				CLANG_CXX_LANGUAGE_STANDARD = "gnu++0x";
				CLANG_CXX_LIBRARY = "libc++";
				CLANG_ENABLE_MODULES = YES;
				CLANG_ENABLE_OBJC_ARC = YES;
				CLANG_WARN_BOOL_CONVERSION = YES;
				CLANG_WARN_CONSTANT_CONVERSION = YES;
				CLANG_WARN_DIRECT_OBJC_ISA_USAGE = YES_ERROR;
				CLANG_WARN_EMPTY_BODY = YES;
				CLANG_WARN_ENUM_CONVERSION = YES;
				CLANG_WARN_INT_CONVERSION = YES;
				CLANG_WARN_OBJC_ROOT_CLASS = YES_ERROR;
				CLANG_WARN__DUPLICATE_METHOD_MATCH = YES;
				CODE_SIGN_IDENTITY = "iPhone Developer: Misato Alexandre (HU84T82W6C)";
				"CODE_SIGN_IDENTITY[sdk=iphoneos*]" = "iPhone Developer";
				COPY_PHASE_STRIP = YES;
				ENABLE_NS_ASSERTIONS = NO;
				GCC_C_LANGUAGE_STANDARD = gnu99;
				GCC_WARN_ABOUT_RETURN_TYPE = YES_ERROR;
				GCC_WARN_UNDECLARED_SELECTOR = YES;
				GCC_WARN_UNINITIALIZED_AUTOS = YES;
				GCC_WARN_UNUSED_FUNCTION = YES;
				GCC_WARN_UNUSED_VARIABLE = YES;
				IPHONEOS_DEPLOYMENT_TARGET = 7.0;
				PROVISIONING_PROFILE = "B5044402-06C5-4A10-8596-4C1189C8C429";
				SDKROOT = iphoneos;
				VALIDATE_PRODUCT = YES;
			};
			name = Release;
		};
		539AA6A217C2AE6E004C33F4 /* Debug */ = {
			isa = XCBuildConfiguration;
			buildSettings = {
				ASSETCATALOG_COMPILER_APPICON_NAME = AppIcon;
				ASSETCATALOG_COMPILER_LAUNCHIMAGE_NAME = LaunchImage;
				CODE_SIGN_IDENTITY = "iPhone Developer";
				"CODE_SIGN_IDENTITY[sdk=iphoneos*]" = "iPhone Developer";
				GCC_PRECOMPILE_PREFIX_HEADER = YES;
				GCC_PREFIX_HEADER = "Books/Books-Prefix.pch";
				INFOPLIST_FILE = "Books/Books-Info.plist";
				IPHONEOS_DEPLOYMENT_TARGET = 7.0;
				PRODUCT_NAME = "$(TARGET_NAME)";
				PROVISIONING_PROFILE = "";
				TARGETED_DEVICE_FAMILY = 1;
				WRAPPER_EXTENSION = app;
			};
			name = Debug;
		};
		539AA6A317C2AE6E004C33F4 /* Release */ = {
			isa = XCBuildConfiguration;
			buildSettings = {
				ASSETCATALOG_COMPILER_APPICON_NAME = AppIcon;
				ASSETCATALOG_COMPILER_LAUNCHIMAGE_NAME = LaunchImage;
				CODE_SIGN_IDENTITY = "iPhone Developer";
				"CODE_SIGN_IDENTITY[sdk=iphoneos*]" = "iPhone Developer";
				GCC_PRECOMPILE_PREFIX_HEADER = YES;
				GCC_PREFIX_HEADER = "Books/Books-Prefix.pch";
				INFOPLIST_FILE = "Books/Books-Info.plist";
				IPHONEOS_DEPLOYMENT_TARGET = 7.0;
				PRODUCT_NAME = "$(TARGET_NAME)";
				PROVISIONING_PROFILE = "";
				TARGETED_DEVICE_FAMILY = 1;
				WRAPPER_EXTENSION = app;
			};
			name = Release;
		};
		539AA6A517C2AE6E004C33F4 /* Debug */ = {
			isa = XCBuildConfiguration;
			buildSettings = {
				BUNDLE_LOADER = "$(BUILT_PRODUCTS_DIR)/Books.app/Books";
				FRAMEWORK_SEARCH_PATHS = (
					"$(SDKROOT)/Developer/Library/Frameworks",
					"$(inherited)",
					"$(DEVELOPER_FRAMEWORKS_DIR)",
				);
				GCC_PRECOMPILE_PREFIX_HEADER = YES;
				GCC_PREFIX_HEADER = "Books/Books-Prefix.pch";
				GCC_PREPROCESSOR_DEFINITIONS = (
					"DEBUG=1",
					"$(inherited)",
				);
				INFOPLIST_FILE = "BooksTests/BooksTests-Info.plist";
				PRODUCT_NAME = "$(TARGET_NAME)";
				TEST_HOST = "$(BUNDLE_LOADER)";
				WRAPPER_EXTENSION = xctest;
			};
			name = Debug;
		};
		539AA6A617C2AE6E004C33F4 /* Release */ = {
			isa = XCBuildConfiguration;
			buildSettings = {
				BUNDLE_LOADER = "$(BUILT_PRODUCTS_DIR)/Books.app/Books";
				FRAMEWORK_SEARCH_PATHS = (
					"$(SDKROOT)/Developer/Library/Frameworks",
					"$(inherited)",
					"$(DEVELOPER_FRAMEWORKS_DIR)",
				);
				GCC_PRECOMPILE_PREFIX_HEADER = YES;
				GCC_PREFIX_HEADER = "Books/Books-Prefix.pch";
				INFOPLIST_FILE = "BooksTests/BooksTests-Info.plist";
				PRODUCT_NAME = "$(TARGET_NAME)";
				TEST_HOST = "$(BUNDLE_LOADER)";
				WRAPPER_EXTENSION = xctest;
			};
			name = Release;
		};
/* End XCBuildConfiguration section */

/* Begin XCConfigurationList section */
		539AA66A17C2AE6E004C33F4 /* Build configuration list for PBXProject "Books" */ = {
			isa = XCConfigurationList;
			buildConfigurations = (
				539AA69F17C2AE6E004C33F4 /* Debug */,
				539AA6A017C2AE6E004C33F4 /* Release */,
			);
			defaultConfigurationIsVisible = 0;
			defaultConfigurationName = Release;
		};
		539AA6A117C2AE6E004C33F4 /* Build configuration list for PBXNativeTarget "Books" */ = {
			isa = XCConfigurationList;
			buildConfigurations = (
				539AA6A217C2AE6E004C33F4 /* Debug */,
				539AA6A317C2AE6E004C33F4 /* Release */,
			);
			defaultConfigurationIsVisible = 0;
			defaultConfigurationName = Release;
		};
		539AA6A417C2AE6E004C33F4 /* Build configuration list for PBXNativeTarget "BooksTests" */ = {
			isa = XCConfigurationList;
			buildConfigurations = (
				539AA6A517C2AE6E004C33F4 /* Debug */,
				539AA6A617C2AE6E004C33F4 /* Release */,
			);
			defaultConfigurationIsVisible = 0;
			defaultConfigurationName = Release;
		};
/* End XCConfigurationList section */

/* Begin XCVersionGroup section */
		539AA68617C2AE6E004C33F4 /* Books.xcdatamodeld */ = {
			isa = XCVersionGroup;
			children = (
				538922D517C3195800EFFC7F /* Books 2.xcdatamodel */,
				539AA68717C2AE6E004C33F4 /* Books.xcdatamodel */,
			);
			currentVersion = 539AA68717C2AE6E004C33F4 /* Books.xcdatamodel */;
			path = Books.xcdatamodeld;
			sourceTree = "<group>";
			versionGroupType = wrapper.xcdatamodel;
		};
/* End XCVersionGroup section */
	};
	rootObject = 539AA66717C2AE6E004C33F4 /* Project object */;
}
